// !$*UTF8*$!
{
	archiveVersion = 1;
	classes = {
	};
	objectVersion = 55;
	objects = {

/* Begin PBXBuildFile section */
		D6BB71FF2802408B00911F20 /* HingeTestApp.swift in Sources */ = {isa = PBXBuildFile; fileRef = D6BB71FE2802408B00911F20 /* HingeTestApp.swift */; };
		D6BB72012802408B00911F20 /* ContentView.swift in Sources */ = {isa = PBXBuildFile; fileRef = D6BB72002802408B00911F20 /* ContentView.swift */; };
		D6BB72032802408C00911F20 /* Assets.xcassets in Resources */ = {isa = PBXBuildFile; fileRef = D6BB72022802408C00911F20 /* Assets.xcassets */; };
		D6BB72062802408C00911F20 /* Preview Assets.xcassets in Resources */ = {isa = PBXBuildFile; fileRef = D6BB72052802408C00911F20 /* Preview Assets.xcassets */; };
		D6BB720E280240AA00911F20 /* NetworkRequester.swift in Sources */ = {isa = PBXBuildFile; fileRef = D6BB720D280240AA00911F20 /* NetworkRequester.swift */; };
		D6BB72112802412500911F20 /* HingeConstants.swift in Sources */ = {isa = PBXBuildFile; fileRef = D6BB72102802412500911F20 /* HingeConstants.swift */; };
		D6BB7214280241E700911F20 /* User.swift in Sources */ = {isa = PBXBuildFile; fileRef = D6BB7213280241E700911F20 /* User.swift */; };
		D6BB72182802654600911F20 /* UserViewModel.swift in Sources */ = {isa = PBXBuildFile; fileRef = D6BB72172802654600911F20 /* UserViewModel.swift */; };
		D6BB721A280268B000911F20 /* Config.swift in Sources */ = {isa = PBXBuildFile; fileRef = D6BB7219280268B000911F20 /* Config.swift */; };
		D6BB722D280439F500911F20 /* Profile.swift in Sources */ = {isa = PBXBuildFile; fileRef = D6BB722C280439F500911F20 /* Profile.swift */; };
		D6BB722F2804577F00911F20 /* Photo.swift in Sources */ = {isa = PBXBuildFile; fileRef = D6BB722E2804577F00911F20 /* Photo.swift */; };
		D6BB72312804578600911F20 /* Name.swift in Sources */ = {isa = PBXBuildFile; fileRef = D6BB72302804578600911F20 /* Name.swift */; };
		D6BB72332804578B00911F20 /* About.swift in Sources */ = {isa = PBXBuildFile; fileRef = D6BB72322804578B00911F20 /* About.swift */; };
		D6BB72352804579300911F20 /* Hobbies.swift in Sources */ = {isa = PBXBuildFile; fileRef = D6BB72342804579300911F20 /* Hobbies.swift */; };
		D6BB72372804599000911F20 /* Gender.swift in Sources */ = {isa = PBXBuildFile; fileRef = D6BB72362804599000911F20 /* Gender.swift */; };
		D6BB72392804599700911F20 /* School.swift in Sources */ = {isa = PBXBuildFile; fileRef = D6BB72382804599700911F20 /* School.swift */; };
		D6BB723B28045CC600911F20 /* RequestViewModel.swift in Sources */ = {isa = PBXBuildFile; fileRef = D6BB723A28045CC600911F20 /* RequestViewModel.swift */; };
/* End PBXBuildFile section */

/* Begin PBXFileReference section */
		D6BB71FB2802408B00911F20 /* HingeTest.app */ = {isa = PBXFileReference; explicitFileType = wrapper.application; includeInIndex = 0; path = HingeTest.app; sourceTree = BUILT_PRODUCTS_DIR; };
		D6BB71FE2802408B00911F20 /* HingeTestApp.swift */ = {isa = PBXFileReference; lastKnownFileType = sourcecode.swift; path = HingeTestApp.swift; sourceTree = "<group>"; };
		D6BB72002802408B00911F20 /* ContentView.swift */ = {isa = PBXFileReference; lastKnownFileType = sourcecode.swift; path = ContentView.swift; sourceTree = "<group>"; };
		D6BB72022802408C00911F20 /* Assets.xcassets */ = {isa = PBXFileReference; lastKnownFileType = folder.assetcatalog; path = Assets.xcassets; sourceTree = "<group>"; };
		D6BB72052802408C00911F20 /* Preview Assets.xcassets */ = {isa = PBXFileReference; lastKnownFileType = folder.assetcatalog; path = "Preview Assets.xcassets"; sourceTree = "<group>"; };
		D6BB720D280240AA00911F20 /* NetworkRequester.swift */ = {isa = PBXFileReference; lastKnownFileType = sourcecode.swift; path = NetworkRequester.swift; sourceTree = "<group>"; };
		D6BB720F280240EB00911F20 /* Info.plist */ = {isa = PBXFileReference; lastKnownFileType = text.plist; path = Info.plist; sourceTree = "<group>"; };
		D6BB72102802412500911F20 /* HingeConstants.swift */ = {isa = PBXFileReference; lastKnownFileType = sourcecode.swift; path = HingeConstants.swift; sourceTree = "<group>"; };
		D6BB7213280241E700911F20 /* User.swift */ = {isa = PBXFileReference; lastKnownFileType = sourcecode.swift; path = User.swift; sourceTree = "<group>"; };
		D6BB72172802654600911F20 /* UserViewModel.swift */ = {isa = PBXFileReference; lastKnownFileType = sourcecode.swift; path = UserViewModel.swift; sourceTree = "<group>"; };
		D6BB7219280268B000911F20 /* Config.swift */ = {isa = PBXFileReference; lastKnownFileType = sourcecode.swift; path = Config.swift; sourceTree = "<group>"; };
		D6BB722C280439F500911F20 /* Profile.swift */ = {isa = PBXFileReference; lastKnownFileType = sourcecode.swift; path = Profile.swift; sourceTree = "<group>"; };
		D6BB722E2804577F00911F20 /* Photo.swift */ = {isa = PBXFileReference; lastKnownFileType = sourcecode.swift; path = Photo.swift; sourceTree = "<group>"; };
		D6BB72302804578600911F20 /* Name.swift */ = {isa = PBXFileReference; lastKnownFileType = sourcecode.swift; path = Name.swift; sourceTree = "<group>"; };
		D6BB72322804578B00911F20 /* About.swift */ = {isa = PBXFileReference; lastKnownFileType = sourcecode.swift; path = About.swift; sourceTree = "<group>"; };
		D6BB72342804579300911F20 /* Hobbies.swift */ = {isa = PBXFileReference; lastKnownFileType = sourcecode.swift; path = Hobbies.swift; sourceTree = "<group>"; };
		D6BB72362804599000911F20 /* Gender.swift */ = {isa = PBXFileReference; lastKnownFileType = sourcecode.swift; path = Gender.swift; sourceTree = "<group>"; };
		D6BB72382804599700911F20 /* School.swift */ = {isa = PBXFileReference; lastKnownFileType = sourcecode.swift; path = School.swift; sourceTree = "<group>"; };
		D6BB723A28045CC600911F20 /* RequestViewModel.swift */ = {isa = PBXFileReference; lastKnownFileType = sourcecode.swift; path = RequestViewModel.swift; sourceTree = "<group>"; };
/* End PBXFileReference section */

/* Begin PBXFrameworksBuildPhase section */
		D6BB71F82802408B00911F20 /* Frameworks */ = {
			isa = PBXFrameworksBuildPhase;
			buildActionMask = 2147483647;
			files = (
			);
			runOnlyForDeploymentPostprocessing = 0;
		};
/* End PBXFrameworksBuildPhase section */

/* Begin PBXGroup section */
		D6BB71F22802408B00911F20 = {
			isa = PBXGroup;
			children = (
				D6BB71FD2802408B00911F20 /* HingeTest */,
				D6BB71FC2802408B00911F20 /* Products */,
			);
			sourceTree = "<group>";
		};
		D6BB71FC2802408B00911F20 /* Products */ = {
			isa = PBXGroup;
			children = (
				D6BB71FB2802408B00911F20 /* HingeTest.app */,
			);
			name = Products;
			sourceTree = "<group>";
		};
		D6BB71FD2802408B00911F20 /* HingeTest */ = {
			isa = PBXGroup;
			children = (
				D6BB721B28026B1700911F20 /* View */,
				D6BB7212280241D900911F20 /* Data */,
				D6BB720F280240EB00911F20 /* Info.plist */,
				D6BB720C2802409700911F20 /* Network */,
				D6BB71FE2802408B00911F20 /* HingeTestApp.swift */,
				D6BB72002802408B00911F20 /* ContentView.swift */,
				D6BB72102802412500911F20 /* HingeConstants.swift */,
				D6BB72022802408C00911F20 /* Assets.xcassets */,
				D6BB72042802408C00911F20 /* Preview Content */,
			);
			path = HingeTest;
			sourceTree = "<group>";
		};
		D6BB72042802408C00911F20 /* Preview Content */ = {
			isa = PBXGroup;
			children = (
				D6BB72052802408C00911F20 /* Preview Assets.xcassets */,
			);
			path = "Preview Content";
			sourceTree = "<group>";
		};
		D6BB720C2802409700911F20 /* Network */ = {
			isa = PBXGroup;
			children = (
				D6BB720D280240AA00911F20 /* NetworkRequester.swift */,
			);
			path = Network;
			sourceTree = "<group>";
		};
		D6BB7212280241D900911F20 /* Data */ = {
			isa = PBXGroup;
			children = (
				D6BB7213280241E700911F20 /* User.swift */,
				D6BB72172802654600911F20 /* UserViewModel.swift */,
				D6BB7219280268B000911F20 /* Config.swift */,
				D6BB723A28045CC600911F20 /* RequestViewModel.swift */,
			);
			path = Data;
			sourceTree = "<group>";
		};
		D6BB721B28026B1700911F20 /* View */ = {
			isa = PBXGroup;
			children = (
				D6BB722C280439F500911F20 /* Profile.swift */,
				D6BB722E2804577F00911F20 /* Photo.swift */,
				D6BB72322804578B00911F20 /* About.swift */,
				D6BB72342804579300911F20 /* Hobbies.swift */,
				D6BB72302804578600911F20 /* Name.swift */,
				D6BB72362804599000911F20 /* Gender.swift */,
				D6BB72382804599700911F20 /* School.swift */,
			);
			path = View;
			sourceTree = "<group>";
		};
/* End PBXGroup section */

/* Begin PBXNativeTarget section */
		D6BB71FA2802408B00911F20 /* HingeTest */ = {
			isa = PBXNativeTarget;
			buildConfigurationList = D6BB72092802408C00911F20 /* Build configuration list for PBXNativeTarget "HingeTest" */;
			buildPhases = (
				D6BB71F72802408B00911F20 /* Sources */,
				D6BB71F82802408B00911F20 /* Frameworks */,
				D6BB71F92802408B00911F20 /* Resources */,
			);
			buildRules = (
			);
			dependencies = (
			);
			name = HingeTest;
			productName = HingeTest;
			productReference = D6BB71FB2802408B00911F20 /* HingeTest.app */;
			productType = "com.apple.product-type.application";
		};
/* End PBXNativeTarget section */

/* Begin PBXProject section */
		D6BB71F32802408B00911F20 /* Project object */ = {
			isa = PBXProject;
			attributes = {
				BuildIndependentTargetsInParallel = 1;
				LastSwiftUpdateCheck = 1330;
				LastUpgradeCheck = 1330;
				TargetAttributes = {
					D6BB71FA2802408B00911F20 = {
						CreatedOnToolsVersion = 13.3;
					};
				};
			};
			buildConfigurationList = D6BB71F62802408B00911F20 /* Build configuration list for PBXProject "HingeTest" */;
			compatibilityVersion = "Xcode 13.0";
			developmentRegion = en;
			hasScannedForEncodings = 0;
			knownRegions = (
				en,
				Base,
			);
			mainGroup = D6BB71F22802408B00911F20;
			productRefGroup = D6BB71FC2802408B00911F20 /* Products */;
			projectDirPath = "";
			projectRoot = "";
			targets = (
				D6BB71FA2802408B00911F20 /* HingeTest */,
			);
		};
/* End PBXProject section */

/* Begin PBXResourcesBuildPhase section */
		D6BB71F92802408B00911F20 /* Resources */ = {
			isa = PBXResourcesBuildPhase;
			buildActionMask = 2147483647;
			files = (
				D6BB72062802408C00911F20 /* Preview Assets.xcassets in Resources */,
				D6BB72032802408C00911F20 /* Assets.xcassets in Resources */,
			);
			runOnlyForDeploymentPostprocessing = 0;
		};
/* End PBXResourcesBuildPhase section */

/* Begin PBXSourcesBuildPhase section */
		D6BB71F72802408B00911F20 /* Sources */ = {
			isa = PBXSourcesBuildPhase;
			buildActionMask = 2147483647;
			files = (
				D6BB722D280439F500911F20 /* Profile.swift in Sources */,
				D6BB72012802408B00911F20 /* ContentView.swift in Sources */,
				D6BB72332804578B00911F20 /* About.swift in Sources */,
				D6BB723B28045CC600911F20 /* RequestViewModel.swift in Sources */,
				D6BB71FF2802408B00911F20 /* HingeTestApp.swift in Sources */,
				D6BB72312804578600911F20 /* Name.swift in Sources */,
				D6BB720E280240AA00911F20 /* NetworkRequester.swift in Sources */,
				D6BB72372804599000911F20 /* Gender.swift in Sources */,
				D6BB7214280241E700911F20 /* User.swift in Sources */,
				D6BB722F2804577F00911F20 /* Photo.swift in Sources */,
				D6BB721A280268B000911F20 /* Config.swift in Sources */,
				D6BB72182802654600911F20 /* UserViewModel.swift in Sources */,
				D6BB72392804599700911F20 /* School.swift in Sources */,
				D6BB72112802412500911F20 /* HingeConstants.swift in Sources */,
				D6BB72352804579300911F20 /* Hobbies.swift in Sources */,
			);
			runOnlyForDeploymentPostprocessing = 0;
		};
/* End PBXSourcesBuildPhase section */

/* Begin XCBuildConfiguration section */
		D6BB72072802408C00911F20 /* Debug */ = {
			isa = XCBuildConfiguration;
			buildSettings = {
				ALWAYS_SEARCH_USER_PATHS = NO;
				CLANG_ANALYZER_NONNULL = YES;
				CLANG_ANALYZER_NUMBER_OBJECT_CONVERSION = YES_AGGRESSIVE;
				CLANG_CXX_LANGUAGE_STANDARD = "gnu++17";
				CLANG_ENABLE_MODULES = YES;
				CLANG_ENABLE_OBJC_ARC = YES;
				CLANG_ENABLE_OBJC_WEAK = YES;
				CLANG_WARN_BLOCK_CAPTURE_AUTORELEASING = YES;
				CLANG_WARN_BOOL_CONVERSION = YES;
				CLANG_WARN_COMMA = YES;
				CLANG_WARN_CONSTANT_CONVERSION = YES;
				CLANG_WARN_DEPRECATED_OBJC_IMPLEMENTATIONS = YES;
				CLANG_WARN_DIRECT_OBJC_ISA_USAGE = YES_ERROR;
				CLANG_WARN_DOCUMENTATION_COMMENTS = YES;
				CLANG_WARN_EMPTY_BODY = YES;
				CLANG_WARN_ENUM_CONVERSION = YES;
				CLANG_WARN_INFINITE_RECURSION = YES;
				CLANG_WARN_INT_CONVERSION = YES;
				CLANG_WARN_NON_LITERAL_NULL_CONVERSION = YES;
				CLANG_WARN_OBJC_IMPLICIT_RETAIN_SELF = YES;
				CLANG_WARN_OBJC_LITERAL_CONVERSION = YES;
				CLANG_WARN_OBJC_ROOT_CLASS = YES_ERROR;
				CLANG_WARN_QUOTED_INCLUDE_IN_FRAMEWORK_HEADER = YES;
				CLANG_WARN_RANGE_LOOP_ANALYSIS = YES;
				CLANG_WARN_STRICT_PROTOTYPES = YES;
				CLANG_WARN_SUSPICIOUS_MOVE = YES;
				CLANG_WARN_UNGUARDED_AVAILABILITY = YES_AGGRESSIVE;
				CLANG_WARN_UNREACHABLE_CODE = YES;
				CLANG_WARN__DUPLICATE_METHOD_MATCH = YES;
				COPY_PHASE_STRIP = NO;
				DEBUG_INFORMATION_FORMAT = dwarf;
				ENABLE_STRICT_OBJC_MSGSEND = YES;
				ENABLE_TESTABILITY = YES;
				GCC_C_LANGUAGE_STANDARD = gnu11;
				GCC_DYNAMIC_NO_PIC = NO;
				GCC_NO_COMMON_BLOCKS = YES;
				GCC_OPTIMIZATION_LEVEL = 0;
				GCC_PREPROCESSOR_DEFINITIONS = (
					"DEBUG=1",
					"$(inherited)",
				);
				GCC_WARN_64_TO_32_BIT_CONVERSION = YES;
				GCC_WARN_ABOUT_RETURN_TYPE = YES_ERROR;
				GCC_WARN_UNDECLARED_SELECTOR = YES;
				GCC_WARN_UNINITIALIZED_AUTOS = YES_AGGRESSIVE;
				GCC_WARN_UNUSED_FUNCTION = YES;
				GCC_WARN_UNUSED_VARIABLE = YES;
				IPHONEOS_DEPLOYMENT_TARGET = 15.4;
				MTL_ENABLE_DEBUG_INFO = INCLUDE_SOURCE;
				MTL_FAST_MATH = YES;
				ONLY_ACTIVE_ARCH = YES;
				SDKROOT = iphoneos;
				SWIFT_ACTIVE_COMPILATION_CONDITIONS = DEBUG;
				SWIFT_OPTIMIZATION_LEVEL = "-Onone";
			};
			name = Debug;
		};
		D6BB72082802408C00911F20 /* Release */ = {
			isa = XCBuildConfiguration;
			buildSettings = {
				ALWAYS_SEARCH_USER_PATHS = NO;
				CLANG_ANALYZER_NONNULL = YES;
				CLANG_ANALYZER_NUMBER_OBJECT_CONVERSION = YES_AGGRESSIVE;
				CLANG_CXX_LANGUAGE_STANDARD = "gnu++17";
				CLANG_ENABLE_MODULES = YES;
				CLANG_ENABLE_OBJC_ARC = YES;
				CLANG_ENABLE_OBJC_WEAK = YES;
				CLANG_WARN_BLOCK_CAPTURE_AUTORELEASING = YES;
				CLANG_WARN_BOOL_CONVERSION = YES;
				CLANG_WARN_COMMA = YES;
				CLANG_WARN_CONSTANT_CONVERSION = YES;
				CLANG_WARN_DEPRECATED_OBJC_IMPLEMENTATIONS = YES;
				CLANG_WARN_DIRECT_OBJC_ISA_USAGE = YES_ERROR;
				CLANG_WARN_DOCUMENTATION_COMMENTS = YES;
				CLANG_WARN_EMPTY_BODY = YES;
				CLANG_WARN_ENUM_CONVERSION = YES;
				CLANG_WARN_INFINITE_RECURSION = YES;
				CLANG_WARN_INT_CONVERSION = YES;
				CLANG_WARN_NON_LITERAL_NULL_CONVERSION = YES;
				CLANG_WARN_OBJC_IMPLICIT_RETAIN_SELF = YES;
				CLANG_WARN_OBJC_LITERAL_CONVERSION = YES;
				CLANG_WARN_OBJC_ROOT_CLASS = YES_ERROR;
				CLANG_WARN_QUOTED_INCLUDE_IN_FRAMEWORK_HEADER = YES;
				CLANG_WARN_RANGE_LOOP_ANALYSIS = YES;
				CLANG_WARN_STRICT_PROTOTYPES = YES;
				CLANG_WARN_SUSPICIOUS_MOVE = YES;
				CLANG_WARN_UNGUARDED_AVAILABILITY = YES_AGGRESSIVE;
				CLANG_WARN_UNREACHABLE_CODE = YES;
				CLANG_WARN__DUPLICATE_METHOD_MATCH = YES;
				COPY_PHASE_STRIP = NO;
				DEBUG_INFORMATION_FORMAT = "dwarf-with-dsym";
				ENABLE_NS_ASSERTIONS = NO;
				ENABLE_STRICT_OBJC_MSGSEND = YES;
				GCC_C_LANGUAGE_STANDARD = gnu11;
				GCC_NO_COMMON_BLOCKS = YES;
				GCC_WARN_64_TO_32_BIT_CONVERSION = YES;
				GCC_WARN_ABOUT_RETURN_TYPE = YES_ERROR;
				GCC_WARN_UNDECLARED_SELECTOR = YES;
				GCC_WARN_UNINITIALIZED_AUTOS = YES_AGGRESSIVE;
				GCC_WARN_UNUSED_FUNCTION = YES;
				GCC_WARN_UNUSED_VARIABLE = YES;
				IPHONEOS_DEPLOYMENT_TARGET = 15.4;
				MTL_ENABLE_DEBUG_INFO = NO;
				MTL_FAST_MATH = YES;
				SDKROOT = iphoneos;
				SWIFT_COMPILATION_MODE = wholemodule;
				SWIFT_OPTIMIZATION_LEVEL = "-O";
				VALIDATE_PRODUCT = YES;
			};
			name = Release;
		};
		D6BB720A2802408C00911F20 /* Debug */ = {
			isa = XCBuildConfiguration;
			buildSettings = {
				ASSETCATALOG_COMPILER_APPICON_NAME = AppIcon;
				ASSETCATALOG_COMPILER_GLOBAL_ACCENT_COLOR_NAME = AccentColor;
				CODE_SIGN_STYLE = Automatic;
				CURRENT_PROJECT_VERSION = 1;
				DEVELOPMENT_ASSET_PATHS = "\"HingeTest/Preview Content\"";
				DEVELOPMENT_TEAM = G9F42YYF8S;
				ENABLE_PREVIEWS = YES;
				GENERATE_INFOPLIST_FILE = YES;
				INFOPLIST_FILE = HingeTest/Info.plist;
				INFOPLIST_KEY_UIApplicationSceneManifest_Generation = YES;
				INFOPLIST_KEY_UIApplicationSupportsIndirectInputEvents = YES;
				INFOPLIST_KEY_UILaunchScreen_Generation = YES;
				INFOPLIST_KEY_UISupportedInterfaceOrientations_iPad = "UIInterfaceOrientationPortrait UIInterfaceOrientationPortraitUpsideDown UIInterfaceOrientationLandscapeLeft UIInterfaceOrientationLandscapeRight";
				INFOPLIST_KEY_UISupportedInterfaceOrientations_iPhone = "UIInterfaceOrientationPortrait UIInterfaceOrientationLandscapeLeft UIInterfaceOrientationLandscapeRight";
				LD_RUNPATH_SEARCH_PATHS = (
					"$(inherited)",
					"@executable_path/Frameworks",
				);
				MARKETING_VERSION = 1.0;
				PRODUCT_BUNDLE_IDENTIFIER = com.me.HingeTest;
				PRODUCT_NAME = "$(TARGET_NAME)";
				SWIFT_EMIT_LOC_STRINGS = YES;
				SWIFT_VERSION = 5.0;
				TARGETED_DEVICE_FAMILY = "1,2";
			};
			name = Debug;
		};
		D6BB720B2802408C00911F20 /* Release */ = {
			isa = XCBuildConfiguration;
			buildSettings = {
				ASSETCATALOG_COMPILER_APPICON_NAME = AppIcon;
				ASSETCATALOG_COMPILER_GLOBAL_ACCENT_COLOR_NAME = AccentColor;
				CODE_SIGN_STYLE = Automatic;
				CURRENT_PROJECT_VERSION = 1;
				DEVELOPMENT_ASSET_PATHS = "\"HingeTest/Preview Content\"";
				DEVELOPMENT_TEAM = G9F42YYF8S;
				ENABLE_PREVIEWS = YES;
				GENERATE_INFOPLIST_FILE = YES;
				INFOPLIST_FILE = HingeTest/Info.plist;
				INFOPLIST_KEY_UIApplicationSceneManifest_Generation = YES;
				INFOPLIST_KEY_UIApplicationSupportsIndirectInputEvents = YES;
				INFOPLIST_KEY_UILaunchScreen_Generation = YES;
				INFOPLIST_KEY_UISupportedInterfaceOrientations_iPad = "UIInterfaceOrientationPortrait UIInterfaceOrientationPortraitUpsideDown UIInterfaceOrientationLandscapeLeft UIInterfaceOrientationLandscapeRight";
				INFOPLIST_KEY_UISupportedInterfaceOrientations_iPhone = "UIInterfaceOrientationPortrait UIInterfaceOrientationLandscapeLeft UIInterfaceOrientationLandscapeRight";
				LD_RUNPATH_SEARCH_PATHS = (
					"$(inherited)",
					"@executable_path/Frameworks",
				);
				MARKETING_VERSION = 1.0;
				PRODUCT_BUNDLE_IDENTIFIER = com.me.HingeTest;
				PRODUCT_NAME = "$(TARGET_NAME)";
				SWIFT_EMIT_LOC_STRINGS = YES;
				SWIFT_VERSION = 5.0;
				TARGETED_DEVICE_FAMILY = "1,2";
			};
			name = Release;
		};
/* End XCBuildConfiguration section */

/* Begin XCConfigurationList section */
		D6BB71F62802408B00911F20 /* Build configuration list for PBXProject "HingeTest" */ = {
			isa = XCConfigurationList;
			buildConfigurations = (
				D6BB72072802408C00911F20 /* Debug */,
				D6BB72082802408C00911F20 /* Release */,
			);
			defaultConfigurationIsVisible = 0;
			defaultConfigurationName = Release;
		};
		D6BB72092802408C00911F20 /* Build configuration list for PBXNativeTarget "HingeTest" */ = {
			isa = XCConfigurationList;
			buildConfigurations = (
				D6BB720A2802408C00911F20 /* Debug */,
				D6BB720B2802408C00911F20 /* Release */,
			);
			defaultConfigurationIsVisible = 0;
			defaultConfigurationName = Release;
		};
/* End XCConfigurationList section */
	};
	rootObject = D6BB71F32802408B00911F20 /* Project object */;
}
